
Microsoft Visual Studio Solution File, Format Version 12.00
# Visual Studio Version 16
VisualStudioVersion = 25.0.1705.3
MinimumVisualStudioVersion = 10.0.40219.1
Project("{FAE04EC0-301F-11D3-BF4B-00C04F79EFBC}") = "concat names", "concat names\concat names.csproj", "{03FB537D-9973-4E4F-B4DB-924C233A8656}"
EndProject
Global
	GlobalSection(SolutionConfigurationPlatforms) = preSolution
		Debug|Any CPU = Debug|Any CPU
		Release|Any CPU = Release|Any CPU
	EndGlobalSection
	GlobalSection(ProjectConfigurationPlatforms) = postSolution
		{03FB537D-9973-4E4F-B4DB-924C233A8656}.Debug|Any CPU.ActiveCfg = Debug|Any CPU
		{03FB537D-9973-4E4F-B4DB-924C233A8656}.Debug|Any CPU.Build.0 = Debug|Any CPU
		{03FB537D-9973-4E4F-B4DB-924C233A8656}.Release|Any CPU.ActiveCfg = Release|Any CPU
		{03FB537D-9973-4E4F-B4DB-924C233A8656}.Release|Any CPU.Build.0 = Release|Any CPU
	EndGlobalSection
	GlobalSection(SolutionProperties) = preSolution
		HideSolutionNode = FALSE
	EndGlobalSection
	GlobalSection(ExtensibilityGlobals) = postSolution
		SolutionGuid = {DAC29E30-76A9-4EED-B08B-529734348E8B}
	EndGlobalSection
EndGlobal
