
Microsoft Visual Studio Solution File, Format Version 12.00
# Visual Studio Version 16
VisualStudioVersion = 25.0.1705.3
MinimumVisualStudioVersion = 10.0.40219.1
Project("{FAE04EC0-301F-11D3-BF4B-00C04F79EFBC}") = "letters change numbers", "letters change numbers\letters change numbers.csproj", "{AE4F30EE-E804-4F30-A38D-13625F9E0379}"
EndProject
Global
	GlobalSection(SolutionConfigurationPlatforms) = preSolution
		Debug|Any CPU = Debug|Any CPU
		Release|Any CPU = Release|Any CPU
	EndGlobalSection
	GlobalSection(ProjectConfigurationPlatforms) = postSolution
		{AE4F30EE-E804-4F30-A38D-13625F9E0379}.Debug|Any CPU.ActiveCfg = Debug|Any CPU
		{AE4F30EE-E804-4F30-A38D-13625F9E0379}.Debug|Any CPU.Build.0 = Debug|Any CPU
		{AE4F30EE-E804-4F30-A38D-13625F9E0379}.Release|Any CPU.ActiveCfg = Release|Any CPU
		{AE4F30EE-E804-4F30-A38D-13625F9E0379}.Release|Any CPU.Build.0 = Release|Any CPU
	EndGlobalSection
	GlobalSection(SolutionProperties) = preSolution
		HideSolutionNode = FALSE
	EndGlobalSection
	GlobalSection(ExtensibilityGlobals) = postSolution
		SolutionGuid = {4AA95ACE-AB8D-48DE-9DEE-DDDA33DC666A}
	EndGlobalSection
EndGlobal
