
Microsoft Visual Studio Solution File, Format Version 12.00
# Visual Studio Version 16
VisualStudioVersion = 25.0.1705.3
MinimumVisualStudioVersion = 10.0.40219.1
Project("{FAE04EC0-301F-11D3-BF4B-00C04F79EFBC}") = "password", "password\password.csproj", "{55E351DF-E455-4002-9DEA-4AE68D0782E2}"
EndProject
Global
	GlobalSection(SolutionConfigurationPlatforms) = preSolution
		Debug|Any CPU = Debug|Any CPU
		Release|Any CPU = Release|Any CPU
	EndGlobalSection
	GlobalSection(ProjectConfigurationPlatforms) = postSolution
		{55E351DF-E455-4002-9DEA-4AE68D0782E2}.Debug|Any CPU.ActiveCfg = Debug|Any CPU
		{55E351DF-E455-4002-9DEA-4AE68D0782E2}.Debug|Any CPU.Build.0 = Debug|Any CPU
		{55E351DF-E455-4002-9DEA-4AE68D0782E2}.Release|Any CPU.ActiveCfg = Release|Any CPU
		{55E351DF-E455-4002-9DEA-4AE68D0782E2}.Release|Any CPU.Build.0 = Release|Any CPU
	EndGlobalSection
	GlobalSection(SolutionProperties) = preSolution
		HideSolutionNode = FALSE
	EndGlobalSection
	GlobalSection(ExtensibilityGlobals) = postSolution
		SolutionGuid = {D90D1F39-FE64-4A52-A4B3-E54A3DDB3C12}
	EndGlobalSection
EndGlobal
