
Microsoft Visual Studio Solution File, Format Version 12.00
# Visual Studio Version 16
VisualStudioVersion = 25.0.1705.3
MinimumVisualStudioVersion = 10.0.40219.1
Project("{FAE04EC0-301F-11D3-BF4B-00C04F79EFBC}") = "multiply evens by odd", "multiply evens by odd\multiply evens by odd.csproj", "{60FAD97E-8A41-4E9C-ABE6-6AE24B187B1A}"
EndProject
Global
	GlobalSection(SolutionConfigurationPlatforms) = preSolution
		Debug|Any CPU = Debug|Any CPU
		Release|Any CPU = Release|Any CPU
	EndGlobalSection
	GlobalSection(ProjectConfigurationPlatforms) = postSolution
		{60FAD97E-8A41-4E9C-ABE6-6AE24B187B1A}.Debug|Any CPU.ActiveCfg = Debug|Any CPU
		{60FAD97E-8A41-4E9C-ABE6-6AE24B187B1A}.Debug|Any CPU.Build.0 = Debug|Any CPU
		{60FAD97E-8A41-4E9C-ABE6-6AE24B187B1A}.Release|Any CPU.ActiveCfg = Release|Any CPU
		{60FAD97E-8A41-4E9C-ABE6-6AE24B187B1A}.Release|Any CPU.Build.0 = Release|Any CPU
	EndGlobalSection
	GlobalSection(SolutionProperties) = preSolution
		HideSolutionNode = FALSE
	EndGlobalSection
	GlobalSection(ExtensibilityGlobals) = postSolution
		SolutionGuid = {54343402-2D9E-4E0A-9D90-F784AC830977}
	EndGlobalSection
EndGlobal
