
Microsoft Visual Studio Solution File, Format Version 12.00
# Visual Studio Version 16
VisualStudioVersion = 25.0.1705.3
MinimumVisualStudioVersion = 10.0.40219.1
Project("{FAE04EC0-301F-11D3-BF4B-00C04F79EFBC}") = "rotation game", "rotation game\rotation game.csproj", "{2E1C07A7-5E6A-4CAF-B23A-C1F57BB3C283}"
EndProject
Global
	GlobalSection(SolutionConfigurationPlatforms) = preSolution
		Debug|Any CPU = Debug|Any CPU
		Release|Any CPU = Release|Any CPU
	EndGlobalSection
	GlobalSection(ProjectConfigurationPlatforms) = postSolution
		{2E1C07A7-5E6A-4CAF-B23A-C1F57BB3C283}.Debug|Any CPU.ActiveCfg = Debug|Any CPU
		{2E1C07A7-5E6A-4CAF-B23A-C1F57BB3C283}.Debug|Any CPU.Build.0 = Debug|Any CPU
		{2E1C07A7-5E6A-4CAF-B23A-C1F57BB3C283}.Release|Any CPU.ActiveCfg = Release|Any CPU
		{2E1C07A7-5E6A-4CAF-B23A-C1F57BB3C283}.Release|Any CPU.Build.0 = Release|Any CPU
	EndGlobalSection
	GlobalSection(SolutionProperties) = preSolution
		HideSolutionNode = FALSE
	EndGlobalSection
	GlobalSection(ExtensibilityGlobals) = postSolution
		SolutionGuid = {B120C5F1-3337-4A20-945A-2B6CC5B71D43}
	EndGlobalSection
EndGlobal
