
Microsoft Visual Studio Solution File, Format Version 12.00
# Visual Studio Version 16
VisualStudioVersion = 25.0.1705.3
MinimumVisualStudioVersion = 10.0.40219.1
Project("{FAE04EC0-301F-11D3-BF4B-00C04F79EFBC}") = "offroad challenge", "offroad challenge\offroad challenge.csproj", "{31583078-9F5C-4289-856E-C1D62FA32371}"
EndProject
Global
	GlobalSection(SolutionConfigurationPlatforms) = preSolution
		Debug|Any CPU = Debug|Any CPU
		Release|Any CPU = Release|Any CPU
	EndGlobalSection
	GlobalSection(ProjectConfigurationPlatforms) = postSolution
		{31583078-9F5C-4289-856E-C1D62FA32371}.Debug|Any CPU.ActiveCfg = Debug|Any CPU
		{31583078-9F5C-4289-856E-C1D62FA32371}.Debug|Any CPU.Build.0 = Debug|Any CPU
		{31583078-9F5C-4289-856E-C1D62FA32371}.Release|Any CPU.ActiveCfg = Release|Any CPU
		{31583078-9F5C-4289-856E-C1D62FA32371}.Release|Any CPU.Build.0 = Release|Any CPU
	EndGlobalSection
	GlobalSection(SolutionProperties) = preSolution
		HideSolutionNode = FALSE
	EndGlobalSection
	GlobalSection(ExtensibilityGlobals) = postSolution
		SolutionGuid = {4F0F02A5-473D-4B70-8F46-44812993D120}
	EndGlobalSection
EndGlobal
