
Microsoft Visual Studio Solution File, Format Version 12.00
# Visual Studio Version 16
VisualStudioVersion = 25.0.1705.3
MinimumVisualStudioVersion = 10.0.40219.1
Project("{FAE04EC0-301F-11D3-BF4B-00C04F79EFBC}") = "play catch", "play catch\play catch.csproj", "{B0119855-2A58-46D7-925C-EA41377521C6}"
EndProject
Global
	GlobalSection(SolutionConfigurationPlatforms) = preSolution
		Debug|Any CPU = Debug|Any CPU
		Release|Any CPU = Release|Any CPU
	EndGlobalSection
	GlobalSection(ProjectConfigurationPlatforms) = postSolution
		{B0119855-2A58-46D7-925C-EA41377521C6}.Debug|Any CPU.ActiveCfg = Debug|Any CPU
		{B0119855-2A58-46D7-925C-EA41377521C6}.Debug|Any CPU.Build.0 = Debug|Any CPU
		{B0119855-2A58-46D7-925C-EA41377521C6}.Release|Any CPU.ActiveCfg = Release|Any CPU
		{B0119855-2A58-46D7-925C-EA41377521C6}.Release|Any CPU.Build.0 = Release|Any CPU
	EndGlobalSection
	GlobalSection(SolutionProperties) = preSolution
		HideSolutionNode = FALSE
	EndGlobalSection
	GlobalSection(ExtensibilityGlobals) = postSolution
		SolutionGuid = {9B30EE57-6D05-4FB0-9223-63161F88CCB7}
	EndGlobalSection
EndGlobal
