
Microsoft Visual Studio Solution File, Format Version 12.00
# Visual Studio Version 16
VisualStudioVersion = 25.0.1705.3
MinimumVisualStudioVersion = 10.0.40219.1
Project("{FAE04EC0-301F-11D3-BF4B-00C04F79EFBC}") = "Game of war", "Game of war\Game of war.csproj", "{EE8D6016-EDF2-4BA6-B36C-581053C085CE}"
EndProject
Global
	GlobalSection(SolutionConfigurationPlatforms) = preSolution
		Debug|Any CPU = Debug|Any CPU
		Release|Any CPU = Release|Any CPU
	EndGlobalSection
	GlobalSection(ProjectConfigurationPlatforms) = postSolution
		{EE8D6016-EDF2-4BA6-B36C-581053C085CE}.Debug|Any CPU.ActiveCfg = Debug|Any CPU
		{EE8D6016-EDF2-4BA6-B36C-581053C085CE}.Debug|Any CPU.Build.0 = Debug|Any CPU
		{EE8D6016-EDF2-4BA6-B36C-581053C085CE}.Release|Any CPU.ActiveCfg = Release|Any CPU
		{EE8D6016-EDF2-4BA6-B36C-581053C085CE}.Release|Any CPU.Build.0 = Release|Any CPU
	EndGlobalSection
	GlobalSection(SolutionProperties) = preSolution
		HideSolutionNode = FALSE
	EndGlobalSection
	GlobalSection(ExtensibilityGlobals) = postSolution
		SolutionGuid = {FB7CD2A7-4768-4F06-9018-4FA731C6CD48}
	EndGlobalSection
EndGlobal
