
Microsoft Visual Studio Solution File, Format Version 12.00
# Visual Studio Version 16
VisualStudioVersion = 25.0.1705.3
MinimumVisualStudioVersion = 10.0.40219.1
Project("{FAE04EC0-301F-11D3-BF4B-00C04F79EFBC}") = "list manipulation basics", "list manipulation basics\list manipulation basics.csproj", "{C90B14A7-2594-42CD-B9CF-5DDB735718C2}"
EndProject
Global
	GlobalSection(SolutionConfigurationPlatforms) = preSolution
		Debug|Any CPU = Debug|Any CPU
		Release|Any CPU = Release|Any CPU
	EndGlobalSection
	GlobalSection(ProjectConfigurationPlatforms) = postSolution
		{C90B14A7-2594-42CD-B9CF-5DDB735718C2}.Debug|Any CPU.ActiveCfg = Debug|Any CPU
		{C90B14A7-2594-42CD-B9CF-5DDB735718C2}.Debug|Any CPU.Build.0 = Debug|Any CPU
		{C90B14A7-2594-42CD-B9CF-5DDB735718C2}.Release|Any CPU.ActiveCfg = Release|Any CPU
		{C90B14A7-2594-42CD-B9CF-5DDB735718C2}.Release|Any CPU.Build.0 = Release|Any CPU
	EndGlobalSection
	GlobalSection(SolutionProperties) = preSolution
		HideSolutionNode = FALSE
	EndGlobalSection
	GlobalSection(ExtensibilityGlobals) = postSolution
		SolutionGuid = {B87D01EB-DBD8-4024-8478-148CD5B28B0C}
	EndGlobalSection
EndGlobal
