
Microsoft Visual Studio Solution File, Format Version 12.00
# Visual Studio Version 16
VisualStudioVersion = 25.0.1705.3
MinimumVisualStudioVersion = 10.0.40219.1
Project("{FAE04EC0-301F-11D3-BF4B-00C04F79EFBC}") = "car", "car\car.csproj", "{C0AF8C53-06C1-460D-B550-206BD2D72B0A}"
EndProject
Global
	GlobalSection(SolutionConfigurationPlatforms) = preSolution
		Debug|Any CPU = Debug|Any CPU
		Release|Any CPU = Release|Any CPU
	EndGlobalSection
	GlobalSection(ProjectConfigurationPlatforms) = postSolution
		{C0AF8C53-06C1-460D-B550-206BD2D72B0A}.Debug|Any CPU.ActiveCfg = Debug|Any CPU
		{C0AF8C53-06C1-460D-B550-206BD2D72B0A}.Debug|Any CPU.Build.0 = Debug|Any CPU
		{C0AF8C53-06C1-460D-B550-206BD2D72B0A}.Release|Any CPU.ActiveCfg = Release|Any CPU
		{C0AF8C53-06C1-460D-B550-206BD2D72B0A}.Release|Any CPU.Build.0 = Release|Any CPU
	EndGlobalSection
	GlobalSection(SolutionProperties) = preSolution
		HideSolutionNode = FALSE
	EndGlobalSection
	GlobalSection(ExtensibilityGlobals) = postSolution
		SolutionGuid = {70AE412B-6F31-478C-AA35-0AEE8F472C14}
	EndGlobalSection
EndGlobal
