
Microsoft Visual Studio Solution File, Format Version 12.00
# Visual Studio Version 16
VisualStudioVersion = 25.0.1705.3
MinimumVisualStudioVersion = 10.0.40219.1
Project("{FAE04EC0-301F-11D3-BF4B-00C04F79EFBC}") = "vowels count", "vowels count\vowels count.csproj", "{15373604-ABCE-4EF6-9E10-73D9E4315221}"
EndProject
Global
	GlobalSection(SolutionConfigurationPlatforms) = preSolution
		Debug|Any CPU = Debug|Any CPU
		Release|Any CPU = Release|Any CPU
	EndGlobalSection
	GlobalSection(ProjectConfigurationPlatforms) = postSolution
		{15373604-ABCE-4EF6-9E10-73D9E4315221}.Debug|Any CPU.ActiveCfg = Debug|Any CPU
		{15373604-ABCE-4EF6-9E10-73D9E4315221}.Debug|Any CPU.Build.0 = Debug|Any CPU
		{15373604-ABCE-4EF6-9E10-73D9E4315221}.Release|Any CPU.ActiveCfg = Release|Any CPU
		{15373604-ABCE-4EF6-9E10-73D9E4315221}.Release|Any CPU.Build.0 = Release|Any CPU
	EndGlobalSection
	GlobalSection(SolutionProperties) = preSolution
		HideSolutionNode = FALSE
	EndGlobalSection
	GlobalSection(ExtensibilityGlobals) = postSolution
		SolutionGuid = {B2FF26B5-DE2F-4CE4-B94D-F38FB5F9FE02}
	EndGlobalSection
EndGlobal
