
Microsoft Visual Studio Solution File, Format Version 12.00
# Visual Studio Version 16
VisualStudioVersion = 25.0.1705.3
MinimumVisualStudioVersion = 10.0.40219.1
Project("{FAE04EC0-301F-11D3-BF4B-00C04F79EFBC}") = "worms holes", "worms holes\worms holes.csproj", "{6EAB1CEE-ED98-4856-B7D7-C5AF9016995D}"
EndProject
Global
	GlobalSection(SolutionConfigurationPlatforms) = preSolution
		Debug|Any CPU = Debug|Any CPU
		Release|Any CPU = Release|Any CPU
	EndGlobalSection
	GlobalSection(ProjectConfigurationPlatforms) = postSolution
		{6EAB1CEE-ED98-4856-B7D7-C5AF9016995D}.Debug|Any CPU.ActiveCfg = Debug|Any CPU
		{6EAB1CEE-ED98-4856-B7D7-C5AF9016995D}.Debug|Any CPU.Build.0 = Debug|Any CPU
		{6EAB1CEE-ED98-4856-B7D7-C5AF9016995D}.Release|Any CPU.ActiveCfg = Release|Any CPU
		{6EAB1CEE-ED98-4856-B7D7-C5AF9016995D}.Release|Any CPU.Build.0 = Release|Any CPU
	EndGlobalSection
	GlobalSection(SolutionProperties) = preSolution
		HideSolutionNode = FALSE
	EndGlobalSection
	GlobalSection(ExtensibilityGlobals) = postSolution
		SolutionGuid = {91896C9F-63ED-4E2D-B80F-C7CB7C29C1BB}
	EndGlobalSection
EndGlobal
