
Microsoft Visual Studio Solution File, Format Version 12.00
# Visual Studio Version 16
VisualStudioVersion = 25.0.1705.3
MinimumVisualStudioVersion = 10.0.40219.1
Project("{FAE04EC0-301F-11D3-BF4B-00C04F79EFBC}") = "Articles 2.0", "Articles 2.0\Articles 2.0.csproj", "{59477E15-ABB0-4AA4-816D-F36BF59E8136}"
EndProject
Global
	GlobalSection(SolutionConfigurationPlatforms) = preSolution
		Debug|Any CPU = Debug|Any CPU
		Release|Any CPU = Release|Any CPU
	EndGlobalSection
	GlobalSection(ProjectConfigurationPlatforms) = postSolution
		{59477E15-ABB0-4AA4-816D-F36BF59E8136}.Debug|Any CPU.ActiveCfg = Debug|Any CPU
		{59477E15-ABB0-4AA4-816D-F36BF59E8136}.Debug|Any CPU.Build.0 = Debug|Any CPU
		{59477E15-ABB0-4AA4-816D-F36BF59E8136}.Release|Any CPU.ActiveCfg = Release|Any CPU
		{59477E15-ABB0-4AA4-816D-F36BF59E8136}.Release|Any CPU.Build.0 = Release|Any CPU
	EndGlobalSection
	GlobalSection(SolutionProperties) = preSolution
		HideSolutionNode = FALSE
	EndGlobalSection
	GlobalSection(ExtensibilityGlobals) = postSolution
		SolutionGuid = {180F2653-2699-4D3E-869C-406855183CCF}
	EndGlobalSection
EndGlobal
