
Microsoft Visual Studio Solution File, Format Version 12.00
# Visual Studio Version 16
VisualStudioVersion = 25.0.1705.3
MinimumVisualStudioVersion = 10.0.40219.1
Project("{FAE04EC0-301F-11D3-BF4B-00C04F79EFBC}") = "flower wreaths", "flower wreaths\flower wreaths.csproj", "{CA0EFB2F-82DD-483A-869A-F32BD35C9416}"
EndProject
Global
	GlobalSection(SolutionConfigurationPlatforms) = preSolution
		Debug|Any CPU = Debug|Any CPU
		Release|Any CPU = Release|Any CPU
	EndGlobalSection
	GlobalSection(ProjectConfigurationPlatforms) = postSolution
		{CA0EFB2F-82DD-483A-869A-F32BD35C9416}.Debug|Any CPU.ActiveCfg = Debug|Any CPU
		{CA0EFB2F-82DD-483A-869A-F32BD35C9416}.Debug|Any CPU.Build.0 = Debug|Any CPU
		{CA0EFB2F-82DD-483A-869A-F32BD35C9416}.Release|Any CPU.ActiveCfg = Release|Any CPU
		{CA0EFB2F-82DD-483A-869A-F32BD35C9416}.Release|Any CPU.Build.0 = Release|Any CPU
	EndGlobalSection
	GlobalSection(SolutionProperties) = preSolution
		HideSolutionNode = FALSE
	EndGlobalSection
	GlobalSection(ExtensibilityGlobals) = postSolution
		SolutionGuid = {E7DE47CE-616F-4A51-A27E-DD04564EDC34}
	EndGlobalSection
EndGlobal
