
Microsoft Visual Studio Solution File, Format Version 12.00
# Visual Studio Version 16
VisualStudioVersion = 25.0.1705.3
MinimumVisualStudioVersion = 10.0.40219.1
Project("{FAE04EC0-301F-11D3-BF4B-00C04F79EFBC}") = "characters in range", "characters in range\characters in range.csproj", "{3F7E7D4F-9D3C-4548-8C1A-5C8064262EAA}"
EndProject
Global
	GlobalSection(SolutionConfigurationPlatforms) = preSolution
		Debug|Any CPU = Debug|Any CPU
		Release|Any CPU = Release|Any CPU
	EndGlobalSection
	GlobalSection(ProjectConfigurationPlatforms) = postSolution
		{3F7E7D4F-9D3C-4548-8C1A-5C8064262EAA}.Debug|Any CPU.ActiveCfg = Debug|Any CPU
		{3F7E7D4F-9D3C-4548-8C1A-5C8064262EAA}.Debug|Any CPU.Build.0 = Debug|Any CPU
		{3F7E7D4F-9D3C-4548-8C1A-5C8064262EAA}.Release|Any CPU.ActiveCfg = Release|Any CPU
		{3F7E7D4F-9D3C-4548-8C1A-5C8064262EAA}.Release|Any CPU.Build.0 = Release|Any CPU
	EndGlobalSection
	GlobalSection(SolutionProperties) = preSolution
		HideSolutionNode = FALSE
	EndGlobalSection
	GlobalSection(ExtensibilityGlobals) = postSolution
		SolutionGuid = {D0EEB01A-7883-4CD0-8AC7-F54FC35394BE}
	EndGlobalSection
EndGlobal
