
Microsoft Visual Studio Solution File, Format Version 12.00
# Visual Studio Version 16
VisualStudioVersion = 25.0.1705.3
MinimumVisualStudioVersion = 10.0.40219.1
Project("{FAE04EC0-301F-11D3-BF4B-00C04F79EFBC}") = "meal plan", "meal plan\meal plan.csproj", "{44B5BA3A-E248-48FE-826A-1CA7FE29E3E5}"
EndProject
Global
	GlobalSection(SolutionConfigurationPlatforms) = preSolution
		Debug|Any CPU = Debug|Any CPU
		Release|Any CPU = Release|Any CPU
	EndGlobalSection
	GlobalSection(ProjectConfigurationPlatforms) = postSolution
		{44B5BA3A-E248-48FE-826A-1CA7FE29E3E5}.Debug|Any CPU.ActiveCfg = Debug|Any CPU
		{44B5BA3A-E248-48FE-826A-1CA7FE29E3E5}.Debug|Any CPU.Build.0 = Debug|Any CPU
		{44B5BA3A-E248-48FE-826A-1CA7FE29E3E5}.Release|Any CPU.ActiveCfg = Release|Any CPU
		{44B5BA3A-E248-48FE-826A-1CA7FE29E3E5}.Release|Any CPU.Build.0 = Release|Any CPU
	EndGlobalSection
	GlobalSection(SolutionProperties) = preSolution
		HideSolutionNode = FALSE
	EndGlobalSection
	GlobalSection(ExtensibilityGlobals) = postSolution
		SolutionGuid = {D2BDF56D-92D2-452B-A864-C3B44E7A1A13}
	EndGlobalSection
EndGlobal
