
Microsoft Visual Studio Solution File, Format Version 12.00
# Visual Studio Version 16
VisualStudioVersion = 25.0.1705.3
MinimumVisualStudioVersion = 10.0.40219.1
Project("{FAE04EC0-301F-11D3-BF4B-00C04F79EFBC}") = "filter by age", "filter by age\filter by age.csproj", "{03BA9277-41F1-44DB-8568-5BEA4CE3E443}"
EndProject
Global
	GlobalSection(SolutionConfigurationPlatforms) = preSolution
		Debug|Any CPU = Debug|Any CPU
		Release|Any CPU = Release|Any CPU
	EndGlobalSection
	GlobalSection(ProjectConfigurationPlatforms) = postSolution
		{03BA9277-41F1-44DB-8568-5BEA4CE3E443}.Debug|Any CPU.ActiveCfg = Debug|Any CPU
		{03BA9277-41F1-44DB-8568-5BEA4CE3E443}.Debug|Any CPU.Build.0 = Debug|Any CPU
		{03BA9277-41F1-44DB-8568-5BEA4CE3E443}.Release|Any CPU.ActiveCfg = Release|Any CPU
		{03BA9277-41F1-44DB-8568-5BEA4CE3E443}.Release|Any CPU.Build.0 = Release|Any CPU
	EndGlobalSection
	GlobalSection(SolutionProperties) = preSolution
		HideSolutionNode = FALSE
	EndGlobalSection
	GlobalSection(ExtensibilityGlobals) = postSolution
		SolutionGuid = {7DD0FB7D-230A-4399-81C7-082DF099E3A3}
	EndGlobalSection
EndGlobal
